// !$*UTF8*$!
{
	archiveVersion = 1;
	classes = {
	};
	objectVersion = 56;
	objects = {

/* Begin PBXBuildFile section */
		27149150299FB285008BC7F6 /* AppDelegate.swift in Sources */ = {isa = PBXBuildFile; fileRef = 2714914F299FB285008BC7F6 /* AppDelegate.swift */; };
		27149152299FB285008BC7F6 /* SceneDelegate.swift in Sources */ = {isa = PBXBuildFile; fileRef = 27149151299FB285008BC7F6 /* SceneDelegate.swift */; };
		27149154299FB285008BC7F6 /* ViewController.swift in Sources */ = {isa = PBXBuildFile; fileRef = 27149153299FB285008BC7F6 /* ViewController.swift */; };
		27149157299FB285008BC7F6 /* Main.storyboard in Resources */ = {isa = PBXBuildFile; fileRef = 27149155299FB285008BC7F6 /* Main.storyboard */; };
		2714915A299FB285008BC7F6 /* Shopify.xcdatamodeld in Sources */ = {isa = PBXBuildFile; fileRef = 27149158299FB285008BC7F6 /* Shopify.xcdatamodeld */; };
		2714915C299FB286008BC7F6 /* Assets.xcassets in Resources */ = {isa = PBXBuildFile; fileRef = 2714915B299FB286008BC7F6 /* Assets.xcassets */; };
		2714915F299FB286008BC7F6 /* LaunchScreen.storyboard in Resources */ = {isa = PBXBuildFile; fileRef = 2714915D299FB286008BC7F6 /* LaunchScreen.storyboard */; };
		2714916A299FB287008BC7F6 /* ShopifyTests.swift in Sources */ = {isa = PBXBuildFile; fileRef = 27149169299FB287008BC7F6 /* ShopifyTests.swift */; };
		27149174299FB287008BC7F6 /* ShopifyUITests.swift in Sources */ = {isa = PBXBuildFile; fileRef = 27149173299FB287008BC7F6 /* ShopifyUITests.swift */; };
		27149176299FB287008BC7F6 /* ShopifyUITestsLaunchTests.swift in Sources */ = {isa = PBXBuildFile; fileRef = 27149175299FB287008BC7F6 /* ShopifyUITestsLaunchTests.swift */; };
/* End PBXBuildFile section */

/* Begin PBXContainerItemProxy section */
		27149166299FB287008BC7F6 /* PBXContainerItemProxy */ = {
			isa = PBXContainerItemProxy;
			containerPortal = 27149144299FB284008BC7F6 /* Project object */;
			proxyType = 1;
			remoteGlobalIDString = 2714914B299FB285008BC7F6;
			remoteInfo = Shopify;
		};
		27149170299FB287008BC7F6 /* PBXContainerItemProxy */ = {
			isa = PBXContainerItemProxy;
			containerPortal = 27149144299FB284008BC7F6 /* Project object */;
			proxyType = 1;
			remoteGlobalIDString = 2714914B299FB285008BC7F6;
			remoteInfo = Shopify;
		};
/* End PBXContainerItemProxy section */

/* Begin PBXFileReference section */
		2714914C299FB285008BC7F6 /* Shopify.app */ = {isa = PBXFileReference; explicitFileType = wrapper.application; includeInIndex = 0; path = Shopify.app; sourceTree = BUILT_PRODUCTS_DIR; };
		2714914F299FB285008BC7F6 /* AppDelegate.swift */ = {isa = PBXFileReference; lastKnownFileType = sourcecode.swift; path = AppDelegate.swift; sourceTree = "<group>"; };
		27149151299FB285008BC7F6 /* SceneDelegate.swift */ = {isa = PBXFileReference; lastKnownFileType = sourcecode.swift; path = SceneDelegate.swift; sourceTree = "<group>"; };
		27149153299FB285008BC7F6 /* ViewController.swift */ = {isa = PBXFileReference; lastKnownFileType = sourcecode.swift; path = ViewController.swift; sourceTree = "<group>"; };
		27149156299FB285008BC7F6 /* Base */ = {isa = PBXFileReference; lastKnownFileType = file.storyboard; name = Base; path = Base.lproj/Main.storyboard; sourceTree = "<group>"; };
		27149159299FB285008BC7F6 /* Shopify.xcdatamodel */ = {isa = PBXFileReference; lastKnownFileType = wrapper.xcdatamodel; path = Shopify.xcdatamodel; sourceTree = "<group>"; };
		2714915B299FB286008BC7F6 /* Assets.xcassets */ = {isa = PBXFileReference; lastKnownFileType = folder.assetcatalog; path = Assets.xcassets; sourceTree = "<group>"; };
		2714915E299FB286008BC7F6 /* Base */ = {isa = PBXFileReference; lastKnownFileType = file.storyboard; name = Base; path = Base.lproj/LaunchScreen.storyboard; sourceTree = "<group>"; };
		27149160299FB286008BC7F6 /* Info.plist */ = {isa = PBXFileReference; lastKnownFileType = text.plist.xml; path = Info.plist; sourceTree = "<group>"; };
		27149165299FB287008BC7F6 /* ShopifyTests.xctest */ = {isa = PBXFileReference; explicitFileType = wrapper.cfbundle; includeInIndex = 0; path = ShopifyTests.xctest; sourceTree = BUILT_PRODUCTS_DIR; };
		27149169299FB287008BC7F6 /* ShopifyTests.swift */ = {isa = PBXFileReference; lastKnownFileType = sourcecode.swift; path = ShopifyTests.swift; sourceTree = "<group>"; };
		2714916F299FB287008BC7F6 /* ShopifyUITests.xctest */ = {isa = PBXFileReference; explicitFileType = wrapper.cfbundle; includeInIndex = 0; path = ShopifyUITests.xctest; sourceTree = BUILT_PRODUCTS_DIR; };
		27149173299FB287008BC7F6 /* ShopifyUITests.swift */ = {isa = PBXFileReference; lastKnownFileType = sourcecode.swift; path = ShopifyUITests.swift; sourceTree = "<group>"; };
		27149175299FB287008BC7F6 /* ShopifyUITestsLaunchTests.swift */ = {isa = PBXFileReference; lastKnownFileType = sourcecode.swift; path = ShopifyUITestsLaunchTests.swift; sourceTree = "<group>"; };
/* End PBXFileReference section */

/* Begin PBXFrameworksBuildPhase section */
		27149149299FB285008BC7F6 /* Frameworks */ = {
			isa = PBXFrameworksBuildPhase;
			buildActionMask = 2147483647;
			files = (
			);
			runOnlyForDeploymentPostprocessing = 0;
		};
		27149162299FB287008BC7F6 /* Frameworks */ = {
			isa = PBXFrameworksBuildPhase;
			buildActionMask = 2147483647;
			files = (
			);
			runOnlyForDeploymentPostprocessing = 0;
		};
		2714916C299FB287008BC7F6 /* Frameworks */ = {
			isa = PBXFrameworksBuildPhase;
			buildActionMask = 2147483647;
			files = (
			);
			runOnlyForDeploymentPostprocessing = 0;
		};
/* End PBXFrameworksBuildPhase section */

/* Begin PBXGroup section */
		27149143299FB284008BC7F6 = {
			isa = PBXGroup;
			children = (
				2714914E299FB285008BC7F6 /* Shopify */,
				27149168299FB287008BC7F6 /* ShopifyTests */,
				27149172299FB287008BC7F6 /* ShopifyUITests */,
				2714914D299FB285008BC7F6 /* Products */,
			);
			sourceTree = "<group>";
		};
		2714914D299FB285008BC7F6 /* Products */ = {
			isa = PBXGroup;
			children = (
				2714914C299FB285008BC7F6 /* Shopify.app */,
				27149165299FB287008BC7F6 /* ShopifyTests.xctest */,
				2714916F299FB287008BC7F6 /* ShopifyUITests.xctest */,
			);
			name = Products;
			sourceTree = "<group>";
		};
		2714914E299FB285008BC7F6 /* Shopify */ = {
			isa = PBXGroup;
			children = (
				2714914F299FB285008BC7F6 /* AppDelegate.swift */,
				27149151299FB285008BC7F6 /* SceneDelegate.swift */,
				27149153299FB285008BC7F6 /* ViewController.swift */,
				27149155299FB285008BC7F6 /* Main.storyboard */,
				2714915B299FB286008BC7F6 /* Assets.xcassets */,
				2714915D299FB286008BC7F6 /* LaunchScreen.storyboard */,
				27149160299FB286008BC7F6 /* Info.plist */,
				27149158299FB285008BC7F6 /* Shopify.xcdatamodeld */,
			);
			path = Shopify;
			sourceTree = "<group>";
		};
		27149168299FB287008BC7F6 /* ShopifyTests */ = {
			isa = PBXGroup;
			children = (
				27149169299FB287008BC7F6 /* ShopifyTests.swift */,
			);
			path = ShopifyTests;
			sourceTree = "<group>";
		};
		27149172299FB287008BC7F6 /* ShopifyUITests */ = {
			isa = PBXGroup;
			children = (
				27149173299FB287008BC7F6 /* ShopifyUITests.swift */,
				27149175299FB287008BC7F6 /* ShopifyUITestsLaunchTests.swift */,
			);
			path = ShopifyUITests;
			sourceTree = "<group>";
		};
/* End PBXGroup section */

/* Begin PBXNativeTarget section */
		2714914B299FB285008BC7F6 /* Shopify */ = {
			isa = PBXNativeTarget;
			buildConfigurationList = 27149179299FB287008BC7F6 /* Build configuration list for PBXNativeTarget "Shopify" */;
			buildPhases = (
				27149148299FB285008BC7F6 /* Sources */,
				27149149299FB285008BC7F6 /* Frameworks */,
				2714914A299FB285008BC7F6 /* Resources */,
			);
			buildRules = (
			);
			dependencies = (
			);
			name = Shopify;
			productName = Shopify;
			productReference = 2714914C299FB285008BC7F6 /* Shopify.app */;
			productType = "com.apple.product-type.application";
		};
		27149164299FB287008BC7F6 /* ShopifyTests */ = {
			isa = PBXNativeTarget;
			buildConfigurationList = 2714917C299FB287008BC7F6 /* Build configuration list for PBXNativeTarget "ShopifyTests" */;
			buildPhases = (
				27149161299FB287008BC7F6 /* Sources */,
				27149162299FB287008BC7F6 /* Frameworks */,
				27149163299FB287008BC7F6 /* Resources */,
			);
			buildRules = (
			);
			dependencies = (
				27149167299FB287008BC7F6 /* PBXTargetDependency */,
			);
			name = ShopifyTests;
			productName = ShopifyTests;
			productReference = 27149165299FB287008BC7F6 /* ShopifyTests.xctest */;
			productType = "com.apple.product-type.bundle.unit-test";
		};
		2714916E299FB287008BC7F6 /* ShopifyUITests */ = {
			isa = PBXNativeTarget;
			buildConfigurationList = 2714917F299FB287008BC7F6 /* Build configuration list for PBXNativeTarget "ShopifyUITests" */;
			buildPhases = (
				2714916B299FB287008BC7F6 /* Sources */,
				2714916C299FB287008BC7F6 /* Frameworks */,
				2714916D299FB287008BC7F6 /* Resources */,
			);
			buildRules = (
			);
			dependencies = (
				27149171299FB287008BC7F6 /* PBXTargetDependency */,
			);
			name = ShopifyUITests;
			productName = ShopifyUITests;
			productReference = 2714916F299FB287008BC7F6 /* ShopifyUITests.xctest */;
			productType = "com.apple.product-type.bundle.ui-testing";
		};
/* End PBXNativeTarget section */

/* Begin PBXProject section */
		27149144299FB284008BC7F6 /* Project object */ = {
			isa = PBXProject;
			attributes = {
				BuildIndependentTargetsInParallel = 1;
				LastSwiftUpdateCheck = 1420;
				LastUpgradeCheck = 1420;
				TargetAttributes = {
					2714914B299FB285008BC7F6 = {
						CreatedOnToolsVersion = 14.2;
					};
					27149164299FB287008BC7F6 = {
						CreatedOnToolsVersion = 14.2;
						TestTargetID = 2714914B299FB285008BC7F6;
					};
					2714916E299FB287008BC7F6 = {
						CreatedOnToolsVersion = 14.2;
						TestTargetID = 2714914B299FB285008BC7F6;
					};
				};
			};
			buildConfigurationList = 27149147299FB284008BC7F6 /* Build configuration list for PBXProject "Shopify" */;
			compatibilityVersion = "Xcode 14.0";
			developmentRegion = en;
			hasScannedForEncodings = 0;
			knownRegions = (
				en,
				Base,
			);
			mainGroup = 27149143299FB284008BC7F6;
			productRefGroup = 2714914D299FB285008BC7F6 /* Products */;
			projectDirPath = "";
			projectRoot = "";
			targets = (
				2714914B299FB285008BC7F6 /* Shopify */,
				27149164299FB287008BC7F6 /* ShopifyTests */,
				2714916E299FB287008BC7F6 /* ShopifyUITests */,
			);
		};
/* End PBXProject section */

/* Begin PBXResourcesBuildPhase section */
		2714914A299FB285008BC7F6 /* Resources */ = {
			isa = PBXResourcesBuildPhase;
			buildActionMask = 2147483647;
			files = (
				2714915F299FB286008BC7F6 /* LaunchScreen.storyboard in Resources */,
				2714915C299FB286008BC7F6 /* Assets.xcassets in Resources */,
				27149157299FB285008BC7F6 /* Main.storyboard in Resources */,
			);
			runOnlyForDeploymentPostprocessing = 0;
		};
		27149163299FB287008BC7F6 /* Resources */ = {
			isa = PBXResourcesBuildPhase;
			buildActionMask = 2147483647;
			files = (
			);
			runOnlyForDeploymentPostprocessing = 0;
		};
		2714916D299FB287008BC7F6 /* Resources */ = {
			isa = PBXResourcesBuildPhase;
			buildActionMask = 2147483647;
			files = (
			);
			runOnlyForDeploymentPostprocessing = 0;
		};
/* End PBXResourcesBuildPhase section */

/* Begin PBXSourcesBuildPhase section */
		27149148299FB285008BC7F6 /* Sources */ = {
			isa = PBXSourcesBuildPhase;
			buildActionMask = 2147483647;
			files = (
				27149154299FB285008BC7F6 /* ViewController.swift in Sources */,
				27149150299FB285008BC7F6 /* AppDelegate.swift in Sources */,
				2714915A299FB285008BC7F6 /* Shopify.xcdatamodeld in Sources */,
				27149152299FB285008BC7F6 /* SceneDelegate.swift in Sources */,
			);
			runOnlyForDeploymentPostprocessing = 0;
		};
		27149161299FB287008BC7F6 /* Sources */ = {
			isa = PBXSourcesBuildPhase;
			buildActionMask = 2147483647;
			files = (
				2714916A299FB287008BC7F6 /* ShopifyTests.swift in Sources */,
			);
			runOnlyForDeploymentPostprocessing = 0;
		};
		2714916B299FB287008BC7F6 /* Sources */ = {
			isa = PBXSourcesBuildPhase;
			buildActionMask = 2147483647;
			files = (
				27149174299FB287008BC7F6 /* ShopifyUITests.swift in Sources */,
				27149176299FB287008BC7F6 /* ShopifyUITestsLaunchTests.swift in Sources */,
			);
			runOnlyForDeploymentPostprocessing = 0;
		};
/* End PBXSourcesBuildPhase section */

/* Begin PBXTargetDependency section */
		27149167299FB287008BC7F6 /* PBXTargetDependency */ = {
			isa = PBXTargetDependency;
			target = 2714914B299FB285008BC7F6 /* Shopify */;
			targetProxy = 27149166299FB287008BC7F6 /* PBXContainerItemProxy */;
		};
		27149171299FB287008BC7F6 /* PBXTargetDependency */ = {
			isa = PBXTargetDependency;
			target = 2714914B299FB285008BC7F6 /* Shopify */;
			targetProxy = 27149170299FB287008BC7F6 /* PBXContainerItemProxy */;
		};
/* End PBXTargetDependency section */

/* Begin PBXVariantGroup section */
		27149155299FB285008BC7F6 /* Main.storyboard */ = {
			isa = PBXVariantGroup;
			children = (
				27149156299FB285008BC7F6 /* Base */,
			);
			name = Main.storyboard;
			sourceTree = "<group>";
		};
		2714915D299FB286008BC7F6 /* LaunchScreen.storyboard */ = {
			isa = PBXVariantGroup;
			children = (
				2714915E299FB286008BC7F6 /* Base */,
			);
			name = LaunchScreen.storyboard;
			sourceTree = "<group>";
		};
/* End PBXVariantGroup section */

/* Begin XCBuildConfiguration section */
		27149177299FB287008BC7F6 /* Debug */ = {
			isa = XCBuildConfiguration;
			buildSettings = {
				ALWAYS_SEARCH_USER_PATHS = NO;
				CLANG_ANALYZER_NONNULL = YES;
				CLANG_ANALYZER_NUMBER_OBJECT_CONVERSION = YES_AGGRESSIVE;
				CLANG_CXX_LANGUAGE_STANDARD = "gnu++20";
				CLANG_ENABLE_MODULES = YES;
				CLANG_ENABLE_OBJC_ARC = YES;
				CLANG_ENABLE_OBJC_WEAK = YES;
				CLANG_WARN_BLOCK_CAPTURE_AUTORELEASING = YES;
				CLANG_WARN_BOOL_CONVERSION = YES;
				CLANG_WARN_COMMA = YES;
				CLANG_WARN_CONSTANT_CONVERSION = YES;
				CLANG_WARN_DEPRECATED_OBJC_IMPLEMENTATIONS = YES;
				CLANG_WARN_DIRECT_OBJC_ISA_USAGE = YES_ERROR;
				CLANG_WARN_DOCUMENTATION_COMMENTS = YES;
				CLANG_WARN_EMPTY_BODY = YES;
				CLANG_WARN_ENUM_CONVERSION = YES;
				CLANG_WARN_INFINITE_RECURSION = YES;
				CLANG_WARN_INT_CONVERSION = YES;
				CLANG_WARN_NON_LITERAL_NULL_CONVERSION = YES;
				CLANG_WARN_OBJC_IMPLICIT_RETAIN_SELF = YES;
				CLANG_WARN_OBJC_LITERAL_CONVERSION = YES;
				CLANG_WARN_OBJC_ROOT_CLASS = YES_ERROR;
				CLANG_WARN_QUOTED_INCLUDE_IN_FRAMEWORK_HEADER = YES;
				CLANG_WARN_RANGE_LOOP_ANALYSIS = YES;
				CLANG_WARN_STRICT_PROTOTYPES = YES;
				CLANG_WARN_SUSPICIOUS_MOVE = YES;
				CLANG_WARN_UNGUARDED_AVAILABILITY = YES_AGGRESSIVE;
				CLANG_WARN_UNREACHABLE_CODE = YES;
				CLANG_WARN__DUPLICATE_METHOD_MATCH = YES;
				COPY_PHASE_STRIP = NO;
				DEBUG_INFORMATION_FORMAT = dwarf;
				ENABLE_STRICT_OBJC_MSGSEND = YES;
				ENABLE_TESTABILITY = YES;
				GCC_C_LANGUAGE_STANDARD = gnu11;
				GCC_DYNAMIC_NO_PIC = NO;
				GCC_NO_COMMON_BLOCKS = YES;
				GCC_OPTIMIZATION_LEVEL = 0;
				GCC_PREPROCESSOR_DEFINITIONS = (
					"DEBUG=1",
					"$(inherited)",
				);
				GCC_WARN_64_TO_32_BIT_CONVERSION = YES;
				GCC_WARN_ABOUT_RETURN_TYPE = YES_ERROR;
				GCC_WARN_UNDECLARED_SELECTOR = YES;
				GCC_WARN_UNINITIALIZED_AUTOS = YES_AGGRESSIVE;
				GCC_WARN_UNUSED_FUNCTION = YES;
				GCC_WARN_UNUSED_VARIABLE = YES;
				IPHONEOS_DEPLOYMENT_TARGET = 16.2;
				MTL_ENABLE_DEBUG_INFO = INCLUDE_SOURCE;
				MTL_FAST_MATH = YES;
				ONLY_ACTIVE_ARCH = YES;
				SDKROOT = iphoneos;
				SWIFT_ACTIVE_COMPILATION_CONDITIONS = DEBUG;
				SWIFT_OPTIMIZATION_LEVEL = "-Onone";
			};
			name = Debug;
		};
		27149178299FB287008BC7F6 /* Release */ = {
			isa = XCBuildConfiguration;
			buildSettings = {
				ALWAYS_SEARCH_USER_PATHS = NO;
				CLANG_ANALYZER_NONNULL = YES;
				CLANG_ANALYZER_NUMBER_OBJECT_CONVERSION = YES_AGGRESSIVE;
				CLANG_CXX_LANGUAGE_STANDARD = "gnu++20";
				CLANG_ENABLE_MODULES = YES;
				CLANG_ENABLE_OBJC_ARC = YES;
				CLANG_ENABLE_OBJC_WEAK = YES;
				CLANG_WARN_BLOCK_CAPTURE_AUTORELEASING = YES;
				CLANG_WARN_BOOL_CONVERSION = YES;
				CLANG_WARN_COMMA = YES;
				CLANG_WARN_CONSTANT_CONVERSION = YES;
				CLANG_WARN_DEPRECATED_OBJC_IMPLEMENTATIONS = YES;
				CLANG_WARN_DIRECT_OBJC_ISA_USAGE = YES_ERROR;
				CLANG_WARN_DOCUMENTATION_COMMENTS = YES;
				CLANG_WARN_EMPTY_BODY = YES;
				CLANG_WARN_ENUM_CONVERSION = YES;
				CLANG_WARN_INFINITE_RECURSION = YES;
				CLANG_WARN_INT_CONVERSION = YES;
				CLANG_WARN_NON_LITERAL_NULL_CONVERSION = YES;
				CLANG_WARN_OBJC_IMPLICIT_RETAIN_SELF = YES;
				CLANG_WARN_OBJC_LITERAL_CONVERSION = YES;
				CLANG_WARN_OBJC_ROOT_CLASS = YES_ERROR;
				CLANG_WARN_QUOTED_INCLUDE_IN_FRAMEWORK_HEADER = YES;
				CLANG_WARN_RANGE_LOOP_ANALYSIS = YES;
				CLANG_WARN_STRICT_PROTOTYPES = YES;
				CLANG_WARN_SUSPICIOUS_MOVE = YES;
				CLANG_WARN_UNGUARDED_AVAILABILITY = YES_AGGRESSIVE;
				CLANG_WARN_UNREACHABLE_CODE = YES;
				CLANG_WARN__DUPLICATE_METHOD_MATCH = YES;
				COPY_PHASE_STRIP = NO;
				DEBUG_INFORMATION_FORMAT = "dwarf-with-dsym";
				ENABLE_NS_ASSERTIONS = NO;
				ENABLE_STRICT_OBJC_MSGSEND = YES;
				GCC_C_LANGUAGE_STANDARD = gnu11;
				GCC_NO_COMMON_BLOCKS = YES;
				GCC_WARN_64_TO_32_BIT_CONVERSION = YES;
				GCC_WARN_ABOUT_RETURN_TYPE = YES_ERROR;
				GCC_WARN_UNDECLARED_SELECTOR = YES;
				GCC_WARN_UNINITIALIZED_AUTOS = YES_AGGRESSIVE;
				GCC_WARN_UNUSED_FUNCTION = YES;
				GCC_WARN_UNUSED_VARIABLE = YES;
				IPHONEOS_DEPLOYMENT_TARGET = 16.2;
				MTL_ENABLE_DEBUG_INFO = NO;
				MTL_FAST_MATH = YES;
				SDKROOT = iphoneos;
				SWIFT_COMPILATION_MODE = wholemodule;
				SWIFT_OPTIMIZATION_LEVEL = "-O";
				VALIDATE_PRODUCT = YES;
			};
			name = Release;
		};
		2714917A299FB287008BC7F6 /* Debug */ = {
			isa = XCBuildConfiguration;
			buildSettings = {
				ASSETCATALOG_COMPILER_APPICON_NAME = AppIcon;
				ASSETCATALOG_COMPILER_GLOBAL_ACCENT_COLOR_NAME = AccentColor;
				CODE_SIGN_STYLE = Automatic;
				CURRENT_PROJECT_VERSION = 1;
				DEVELOPMENT_TEAM = NYJ2MJ555L;
				GENERATE_INFOPLIST_FILE = YES;
				INFOPLIST_FILE = Shopify/Info.plist;
				INFOPLIST_KEY_UIApplicationSupportsIndirectInputEvents = YES;
				INFOPLIST_KEY_UILaunchStoryboardName = LaunchScreen;
				INFOPLIST_KEY_UIMainStoryboardFile = Main;
				INFOPLIST_KEY_UISupportedInterfaceOrientations_iPad = "UIInterfaceOrientationPortrait UIInterfaceOrientationPortraitUpsideDown UIInterfaceOrientationLandscapeLeft UIInterfaceOrientationLandscapeRight";
				INFOPLIST_KEY_UISupportedInterfaceOrientations_iPhone = "UIInterfaceOrientationPortrait UIInterfaceOrientationLandscapeLeft UIInterfaceOrientationLandscapeRight";
				LD_RUNPATH_SEARCH_PATHS = (
					"$(inherited)",
					"@executable_path/Frameworks",
				);
				MARKETING_VERSION = 1.0;
				PRODUCT_BUNDLE_IDENTIFIER = com.ahmadayman.Shopify;
				PRODUCT_NAME = "$(TARGET_NAME)";
				SWIFT_EMIT_LOC_STRINGS = YES;
				SWIFT_VERSION = 5.0;
				TARGETED_DEVICE_FAMILY = "1,2";
			};
			name = Debug;
		};
		2714917B299FB287008BC7F6 /* Release */ = {
			isa = XCBuildConfiguration;
			buildSettings = {
				ASSETCATALOG_COMPILER_APPICON_NAME = AppIcon;
				ASSETCATALOG_COMPILER_GLOBAL_ACCENT_COLOR_NAME = AccentColor;
				CODE_SIGN_STYLE = Automatic;
				CURRENT_PROJECT_VERSION = 1;
				DEVELOPMENT_TEAM = NYJ2MJ555L;
				GENERATE_INFOPLIST_FILE = YES;
				INFOPLIST_FILE = Shopify/Info.plist;
				INFOPLIST_KEY_UIApplicationSupportsIndirectInputEvents = YES;
				INFOPLIST_KEY_UILaunchStoryboardName = LaunchScreen;
				INFOPLIST_KEY_UIMainStoryboardFile = Main;
				INFOPLIST_KEY_UISupportedInterfaceOrientations_iPad = "UIInterfaceOrientationPortrait UIInterfaceOrientationPortraitUpsideDown UIInterfaceOrientationLandscapeLeft UIInterfaceOrientationLandscapeRight";
				INFOPLIST_KEY_UISupportedInterfaceOrientations_iPhone = "UIInterfaceOrientationPortrait UIInterfaceOrientationLandscapeLeft UIInterfaceOrientationLandscapeRight";
				LD_RUNPATH_SEARCH_PATHS = (
					"$(inherited)",
					"@executable_path/Frameworks",
				);
				MARKETING_VERSION = 1.0;
				PRODUCT_BUNDLE_IDENTIFIER = com.ahmadayman.Shopify;
				PRODUCT_NAME = "$(TARGET_NAME)";
				SWIFT_EMIT_LOC_STRINGS = YES;
				SWIFT_VERSION = 5.0;
				TARGETED_DEVICE_FAMILY = "1,2";
			};
			name = Release;
		};
		2714917D299FB287008BC7F6 /* Debug */ = {
			isa = XCBuildConfiguration;
			buildSettings = {
				ALWAYS_EMBED_SWIFT_STANDARD_LIBRARIES = YES;
				BUNDLE_LOADER = "$(TEST_HOST)";
				CODE_SIGN_STYLE = Automatic;
				CURRENT_PROJECT_VERSION = 1;
				DEVELOPMENT_TEAM = NYJ2MJ555L;
				GENERATE_INFOPLIST_FILE = YES;
				IPHONEOS_DEPLOYMENT_TARGET = 16.2;
				MARKETING_VERSION = 1.0;
				PRODUCT_BUNDLE_IDENTIFIER = com.ahmadayman.ShopifyTests;
				PRODUCT_NAME = "$(TARGET_NAME)";
				SWIFT_EMIT_LOC_STRINGS = NO;
				SWIFT_VERSION = 5.0;
				TARGETED_DEVICE_FAMILY = "1,2";
				TEST_HOST = "$(BUILT_PRODUCTS_DIR)/Shopify.app/$(BUNDLE_EXECUTABLE_FOLDER_PATH)/Shopify";
			};
			name = Debug;
		};
		2714917E299FB287008BC7F6 /* Release */ = {
			isa = XCBuildConfiguration;
			buildSettings = {
				ALWAYS_EMBED_SWIFT_STANDARD_LIBRARIES = YES;
				BUNDLE_LOADER = "$(TEST_HOST)";
				CODE_SIGN_STYLE = Automatic;
				CURRENT_PROJECT_VERSION = 1;
				DEVELOPMENT_TEAM = NYJ2MJ555L;
				GENERATE_INFOPLIST_FILE = YES;
				IPHONEOS_DEPLOYMENT_TARGET = 16.2;
				MARKETING_VERSION = 1.0;
				PRODUCT_BUNDLE_IDENTIFIER = com.ahmadayman.ShopifyTests;
				PRODUCT_NAME = "$(TARGET_NAME)";
				SWIFT_EMIT_LOC_STRINGS = NO;
				SWIFT_VERSION = 5.0;
				TARGETED_DEVICE_FAMILY = "1,2";
				TEST_HOST = "$(BUILT_PRODUCTS_DIR)/Shopify.app/$(BUNDLE_EXECUTABLE_FOLDER_PATH)/Shopify";
			};
			name = Release;
		};
		27149180299FB287008BC7F6 /* Debug */ = {
			isa = XCBuildConfiguration;
			buildSettings = {
				ALWAYS_EMBED_SWIFT_STANDARD_LIBRARIES = YES;
				CODE_SIGN_STYLE = Automatic;
				CURRENT_PROJECT_VERSION = 1;
				DEVELOPMENT_TEAM = NYJ2MJ555L;
				GENERATE_INFOPLIST_FILE = YES;
				MARKETING_VERSION = 1.0;
				PRODUCT_BUNDLE_IDENTIFIER = com.ahmadayman.ShopifyUITests;
				PRODUCT_NAME = "$(TARGET_NAME)";
				SWIFT_EMIT_LOC_STRINGS = NO;
				SWIFT_VERSION = 5.0;
				TARGETED_DEVICE_FAMILY = "1,2";
				TEST_TARGET_NAME = Shopify;
			};
			name = Debug;
		};
		27149181299FB287008BC7F6 /* Release */ = {
			isa = XCBuildConfiguration;
			buildSettings = {
				ALWAYS_EMBED_SWIFT_STANDARD_LIBRARIES = YES;
				CODE_SIGN_STYLE = Automatic;
				CURRENT_PROJECT_VERSION = 1;
				DEVELOPMENT_TEAM = NYJ2MJ555L;
				GENERATE_INFOPLIST_FILE = YES;
				MARKETING_VERSION = 1.0;
				PRODUCT_BUNDLE_IDENTIFIER = com.ahmadayman.ShopifyUITests;
				PRODUCT_NAME = "$(TARGET_NAME)";
				SWIFT_EMIT_LOC_STRINGS = NO;
				SWIFT_VERSION = 5.0;
				TARGETED_DEVICE_FAMILY = "1,2";
				TEST_TARGET_NAME = Shopify;
			};
			name = Release;
		};
/* End XCBuildConfiguration section */

/* Begin XCConfigurationList section */
		27149147299FB284008BC7F6 /* Build configuration list for PBXProject "Shopify" */ = {
			isa = XCConfigurationList;
			buildConfigurations = (
				27149177299FB287008BC7F6 /* Debug */,
				27149178299FB287008BC7F6 /* Release */,
			);
			defaultConfigurationIsVisible = 0;
			defaultConfigurationName = Release;
		};
		27149179299FB287008BC7F6 /* Build configuration list for PBXNativeTarget "Shopify" */ = {
			isa = XCConfigurationList;
			buildConfigurations = (
				2714917A299FB287008BC7F6 /* Debug */,
				2714917B299FB287008BC7F6 /* Release */,
			);
			defaultConfigurationIsVisible = 0;
			defaultConfigurationName = Release;
		};
		2714917C299FB287008BC7F6 /* Build configuration list for PBXNativeTarget "ShopifyTests" */ = {
			isa = XCConfigurationList;
			buildConfigurations = (
				2714917D299FB287008BC7F6 /* Debug */,
				2714917E299FB287008BC7F6 /* Release */,
			);
			defaultConfigurationIsVisible = 0;
			defaultConfigurationName = Release;
		};
		2714917F299FB287008BC7F6 /* Build configuration list for PBXNativeTarget "ShopifyUITests" */ = {
			isa = XCConfigurationList;
			buildConfigurations = (
				27149180299FB287008BC7F6 /* Debug */,
				27149181299FB287008BC7F6 /* Release */,
			);
			defaultConfigurationIsVisible = 0;
			defaultConfigurationName = Release;
		};
/* End XCConfigurationList section */

/* Begin XCVersionGroup section */
		27149158299FB285008BC7F6 /* Shopify.xcdatamodeld */ = {
			isa = XCVersionGroup;
			children = (
				27149159299FB285008BC7F6 /* Shopify.xcdatamodel */,
			);
			currentVersion = 27149159299FB285008BC7F6 /* Shopify.xcdatamodel */;
			path = Shopify.xcdatamodeld;
			sourceTree = "<group>";
			versionGroupType = wrapper.xcdatamodel;
		};
/* End XCVersionGroup section */
	};
	rootObject = 27149144299FB284008BC7F6 /* Project object */;
}
