// !$*UTF8*$!
{
	archiveVersion = 1;
	classes = {
	};
	objectVersion = 55;
	objects = {

/* Begin PBXBuildFile section */
		033825B829A6028400AAA93D /* WishTableViewCell.swift in Sources */ = {isa = PBXBuildFile; fileRef = 033825B629A6028400AAA93D /* WishTableViewCell.swift */; };
		033825B929A6028400AAA93D /* WishTableViewCell.xib in Resources */ = {isa = PBXBuildFile; fileRef = 033825B729A6028400AAA93D /* WishTableViewCell.xib */; };
		1ECEA6EB29A53B7800AE6E50 /* HomeViewController.swift in Sources */ = {isa = PBXBuildFile; fileRef = 1ECEA6EA29A53B7800AE6E50 /* HomeViewController.swift */; };
		1ECEA6ED29A53B9100AE6E50 /* HomeStoryboard.storyboard in Resources */ = {isa = PBXBuildFile; fileRef = 1ECEA6EC29A53B9100AE6E50 /* HomeStoryboard.storyboard */; };
		1ECEA6F329A53D1D00AE6E50 /* AdsCollectionViewCell.swift in Sources */ = {isa = PBXBuildFile; fileRef = 1ECEA6F129A53D1D00AE6E50 /* AdsCollectionViewCell.swift */; };
		1ECEA6F429A53D1D00AE6E50 /* AdsCollectionViewCell.xib in Resources */ = {isa = PBXBuildFile; fileRef = 1ECEA6F229A53D1D00AE6E50 /* AdsCollectionViewCell.xib */; };
		1EFCB26429A55A8F00FAA46D /* CatStoryboard.storyboard in Resources */ = {isa = PBXBuildFile; fileRef = 1EFCB26329A55A8F00FAA46D /* CatStoryboard.storyboard */; };
		1EFCB26629A55AA800FAA46D /* CatViewController.swift in Sources */ = {isa = PBXBuildFile; fileRef = 1EFCB26529A55AA800FAA46D /* CatViewController.swift */; };
		1EFCB26A29A55B5F00FAA46D /* ProductViewController.swift in Sources */ = {isa = PBXBuildFile; fileRef = 1EFCB26929A55B5F00FAA46D /* ProductViewController.swift */; };
		1EFCB26D29A55BBD00FAA46D /* ProductDetailsViewController.swift in Sources */ = {isa = PBXBuildFile; fileRef = 1EFCB26C29A55BBD00FAA46D /* ProductDetailsViewController.swift */; };
		1EFCB26F29A55C0800FAA46D /* ProfileStoryboard.storyboard in Resources */ = {isa = PBXBuildFile; fileRef = 1EFCB26E29A55C0800FAA46D /* ProfileStoryboard.storyboard */; };
		1EFCB27229A55C4E00FAA46D /* ProfileViewController.swift in Sources */ = {isa = PBXBuildFile; fileRef = 1EFCB27129A55C4E00FAA46D /* ProfileViewController.swift */; };
		1EFCB27429A55C8B00FAA46D /* OrdersViewController.swift in Sources */ = {isa = PBXBuildFile; fileRef = 1EFCB27329A55C8B00FAA46D /* OrdersViewController.swift */; };
		1EFCB27629A55CE300FAA46D /* SettingViewController.swift in Sources */ = {isa = PBXBuildFile; fileRef = 1EFCB27529A55CE300FAA46D /* SettingViewController.swift */; };
		1EFCB27829A55D2F00FAA46D /* OrderStoryboard.storyboard in Resources */ = {isa = PBXBuildFile; fileRef = 1EFCB27729A55D2F00FAA46D /* OrderStoryboard.storyboard */; };
		1EFCB27B29A55D5D00FAA46D /* WishViewController.swift in Sources */ = {isa = PBXBuildFile; fileRef = 1EFCB27A29A55D5D00FAA46D /* WishViewController.swift */; };
		1EFCB27D29A55D8400FAA46D /* PaymentViewController.swift in Sources */ = {isa = PBXBuildFile; fileRef = 1EFCB27C29A55D8400FAA46D /* PaymentViewController.swift */; };
		1EFCB27F29A55DAC00FAA46D /* CartViewController.swift in Sources */ = {isa = PBXBuildFile; fileRef = 1EFCB27E29A55DAC00FAA46D /* CartViewController.swift */; };
		27149150299FB285008BC7F6 /* AppDelegate.swift in Sources */ = {isa = PBXBuildFile; fileRef = 2714914F299FB285008BC7F6 /* AppDelegate.swift */; };
		27149152299FB285008BC7F6 /* SceneDelegate.swift in Sources */ = {isa = PBXBuildFile; fileRef = 27149151299FB285008BC7F6 /* SceneDelegate.swift */; };
		27149154299FB285008BC7F6 /* ViewController.swift in Sources */ = {isa = PBXBuildFile; fileRef = 27149153299FB285008BC7F6 /* ViewController.swift */; };
		27149157299FB285008BC7F6 /* Main.storyboard in Resources */ = {isa = PBXBuildFile; fileRef = 27149155299FB285008BC7F6 /* Main.storyboard */; };
		2714915A299FB285008BC7F6 /* Shopify.xcdatamodeld in Sources */ = {isa = PBXBuildFile; fileRef = 27149158299FB285008BC7F6 /* Shopify.xcdatamodeld */; };
		2714915C299FB286008BC7F6 /* Assets.xcassets in Resources */ = {isa = PBXBuildFile; fileRef = 2714915B299FB286008BC7F6 /* Assets.xcassets */; };
		2714915F299FB286008BC7F6 /* LaunchScreen.storyboard in Resources */ = {isa = PBXBuildFile; fileRef = 2714915D299FB286008BC7F6 /* LaunchScreen.storyboard */; };
		2714916A299FB287008BC7F6 /* ShopifyTests.swift in Sources */ = {isa = PBXBuildFile; fileRef = 27149169299FB287008BC7F6 /* ShopifyTests.swift */; };
		27149174299FB287008BC7F6 /* ShopifyUITests.swift in Sources */ = {isa = PBXBuildFile; fileRef = 27149173299FB287008BC7F6 /* ShopifyUITests.swift */; };
		27149176299FB287008BC7F6 /* ShopifyUITestsLaunchTests.swift in Sources */ = {isa = PBXBuildFile; fileRef = 27149175299FB287008BC7F6 /* ShopifyUITestsLaunchTests.swift */; };
		A49E4D60E10770DF2509B8C1 /* Pods_ShopifyTests.framework in Frameworks */ = {isa = PBXBuildFile; fileRef = B06FC52CA2963812710169B0 /* Pods_ShopifyTests.framework */; };
		A890B5EB2BF2043177863949 /* Pods_Shopify.framework in Frameworks */ = {isa = PBXBuildFile; fileRef = 0BB11BFCA52D8D26F687F07D /* Pods_Shopify.framework */; };
		FFDC116EDE587BAB986B90A0 /* Pods_Shopify_ShopifyUITests.framework in Frameworks */ = {isa = PBXBuildFile; fileRef = 0C4C5DC73290AD66DCA60683 /* Pods_Shopify_ShopifyUITests.framework */; };
/* End PBXBuildFile section */

/* Begin PBXContainerItemProxy section */
		27149166299FB287008BC7F6 /* PBXContainerItemProxy */ = {
			isa = PBXContainerItemProxy;
			containerPortal = 27149144299FB284008BC7F6 /* Project object */;
			proxyType = 1;
			remoteGlobalIDString = 2714914B299FB285008BC7F6;
			remoteInfo = Shopify;
		};
		27149170299FB287008BC7F6 /* PBXContainerItemProxy */ = {
			isa = PBXContainerItemProxy;
			containerPortal = 27149144299FB284008BC7F6 /* Project object */;
			proxyType = 1;
			remoteGlobalIDString = 2714914B299FB285008BC7F6;
			remoteInfo = Shopify;
		};
/* End PBXContainerItemProxy section */

/* Begin PBXFileReference section */
		033825B629A6028400AAA93D /* WishTableViewCell.swift */ = {isa = PBXFileReference; lastKnownFileType = sourcecode.swift; path = WishTableViewCell.swift; sourceTree = "<group>"; };
		033825B729A6028400AAA93D /* WishTableViewCell.xib */ = {isa = PBXFileReference; lastKnownFileType = file.xib; path = WishTableViewCell.xib; sourceTree = "<group>"; };
		03790381BDEA94EC752A556F /* Pods-ShopifyTests.release.xcconfig */ = {isa = PBXFileReference; includeInIndex = 1; lastKnownFileType = text.xcconfig; name = "Pods-ShopifyTests.release.xcconfig"; path = "Target Support Files/Pods-ShopifyTests/Pods-ShopifyTests.release.xcconfig"; sourceTree = "<group>"; };
		0BB11BFCA52D8D26F687F07D /* Pods_Shopify.framework */ = {isa = PBXFileReference; explicitFileType = wrapper.framework; includeInIndex = 0; path = Pods_Shopify.framework; sourceTree = BUILT_PRODUCTS_DIR; };
		0C4C5DC73290AD66DCA60683 /* Pods_Shopify_ShopifyUITests.framework */ = {isa = PBXFileReference; explicitFileType = wrapper.framework; includeInIndex = 0; path = Pods_Shopify_ShopifyUITests.framework; sourceTree = BUILT_PRODUCTS_DIR; };
		1ECEA6EA29A53B7800AE6E50 /* HomeViewController.swift */ = {isa = PBXFileReference; lastKnownFileType = sourcecode.swift; path = HomeViewController.swift; sourceTree = "<group>"; };
		1ECEA6EC29A53B9100AE6E50 /* HomeStoryboard.storyboard */ = {isa = PBXFileReference; lastKnownFileType = file.storyboard; path = HomeStoryboard.storyboard; sourceTree = "<group>"; };
		1ECEA6F129A53D1D00AE6E50 /* AdsCollectionViewCell.swift */ = {isa = PBXFileReference; lastKnownFileType = sourcecode.swift; path = AdsCollectionViewCell.swift; sourceTree = "<group>"; };
		1ECEA6F229A53D1D00AE6E50 /* AdsCollectionViewCell.xib */ = {isa = PBXFileReference; lastKnownFileType = file.xib; path = AdsCollectionViewCell.xib; sourceTree = "<group>"; };
		1EFCB26329A55A8F00FAA46D /* CatStoryboard.storyboard */ = {isa = PBXFileReference; lastKnownFileType = file.storyboard; path = CatStoryboard.storyboard; sourceTree = "<group>"; };
		1EFCB26529A55AA800FAA46D /* CatViewController.swift */ = {isa = PBXFileReference; lastKnownFileType = sourcecode.swift; path = CatViewController.swift; sourceTree = "<group>"; };
		1EFCB26929A55B5F00FAA46D /* ProductViewController.swift */ = {isa = PBXFileReference; lastKnownFileType = sourcecode.swift; path = ProductViewController.swift; sourceTree = "<group>"; };
		1EFCB26C29A55BBD00FAA46D /* ProductDetailsViewController.swift */ = {isa = PBXFileReference; lastKnownFileType = sourcecode.swift; path = ProductDetailsViewController.swift; sourceTree = "<group>"; };
		1EFCB26E29A55C0800FAA46D /* ProfileStoryboard.storyboard */ = {isa = PBXFileReference; lastKnownFileType = file.storyboard; path = ProfileStoryboard.storyboard; sourceTree = "<group>"; };
		1EFCB27129A55C4E00FAA46D /* ProfileViewController.swift */ = {isa = PBXFileReference; lastKnownFileType = sourcecode.swift; path = ProfileViewController.swift; sourceTree = "<group>"; };
		1EFCB27329A55C8B00FAA46D /* OrdersViewController.swift */ = {isa = PBXFileReference; lastKnownFileType = sourcecode.swift; path = OrdersViewController.swift; sourceTree = "<group>"; };
		1EFCB27529A55CE300FAA46D /* SettingViewController.swift */ = {isa = PBXFileReference; lastKnownFileType = sourcecode.swift; path = SettingViewController.swift; sourceTree = "<group>"; };
		1EFCB27729A55D2F00FAA46D /* OrderStoryboard.storyboard */ = {isa = PBXFileReference; lastKnownFileType = file.storyboard; path = OrderStoryboard.storyboard; sourceTree = "<group>"; };
		1EFCB27A29A55D5D00FAA46D /* WishViewController.swift */ = {isa = PBXFileReference; lastKnownFileType = sourcecode.swift; path = WishViewController.swift; sourceTree = "<group>"; };
		1EFCB27C29A55D8400FAA46D /* PaymentViewController.swift */ = {isa = PBXFileReference; lastKnownFileType = sourcecode.swift; path = PaymentViewController.swift; sourceTree = "<group>"; };
		1EFCB27E29A55DAC00FAA46D /* CartViewController.swift */ = {isa = PBXFileReference; lastKnownFileType = sourcecode.swift; path = CartViewController.swift; sourceTree = "<group>"; };
		2714914C299FB285008BC7F6 /* Shopify.app */ = {isa = PBXFileReference; explicitFileType = wrapper.application; includeInIndex = 0; path = Shopify.app; sourceTree = BUILT_PRODUCTS_DIR; };
		2714914F299FB285008BC7F6 /* AppDelegate.swift */ = {isa = PBXFileReference; lastKnownFileType = sourcecode.swift; path = AppDelegate.swift; sourceTree = "<group>"; };
		27149151299FB285008BC7F6 /* SceneDelegate.swift */ = {isa = PBXFileReference; lastKnownFileType = sourcecode.swift; path = SceneDelegate.swift; sourceTree = "<group>"; };
		27149153299FB285008BC7F6 /* ViewController.swift */ = {isa = PBXFileReference; lastKnownFileType = sourcecode.swift; path = ViewController.swift; sourceTree = "<group>"; };
		27149156299FB285008BC7F6 /* Base */ = {isa = PBXFileReference; lastKnownFileType = file.storyboard; name = Base; path = Base.lproj/Main.storyboard; sourceTree = "<group>"; };
		27149159299FB285008BC7F6 /* Shopify.xcdatamodel */ = {isa = PBXFileReference; lastKnownFileType = wrapper.xcdatamodel; path = Shopify.xcdatamodel; sourceTree = "<group>"; };
		2714915B299FB286008BC7F6 /* Assets.xcassets */ = {isa = PBXFileReference; lastKnownFileType = folder.assetcatalog; path = Assets.xcassets; sourceTree = "<group>"; };
		2714915E299FB286008BC7F6 /* Base */ = {isa = PBXFileReference; lastKnownFileType = file.storyboard; name = Base; path = Base.lproj/LaunchScreen.storyboard; sourceTree = "<group>"; };
		27149160299FB286008BC7F6 /* Info.plist */ = {isa = PBXFileReference; lastKnownFileType = text.plist.xml; path = Info.plist; sourceTree = "<group>"; };
		27149165299FB287008BC7F6 /* ShopifyTests.xctest */ = {isa = PBXFileReference; explicitFileType = wrapper.cfbundle; includeInIndex = 0; path = ShopifyTests.xctest; sourceTree = BUILT_PRODUCTS_DIR; };
		27149169299FB287008BC7F6 /* ShopifyTests.swift */ = {isa = PBXFileReference; lastKnownFileType = sourcecode.swift; path = ShopifyTests.swift; sourceTree = "<group>"; };
		2714916F299FB287008BC7F6 /* ShopifyUITests.xctest */ = {isa = PBXFileReference; explicitFileType = wrapper.cfbundle; includeInIndex = 0; path = ShopifyUITests.xctest; sourceTree = BUILT_PRODUCTS_DIR; };
		27149173299FB287008BC7F6 /* ShopifyUITests.swift */ = {isa = PBXFileReference; lastKnownFileType = sourcecode.swift; path = ShopifyUITests.swift; sourceTree = "<group>"; };
		27149175299FB287008BC7F6 /* ShopifyUITestsLaunchTests.swift */ = {isa = PBXFileReference; lastKnownFileType = sourcecode.swift; path = ShopifyUITestsLaunchTests.swift; sourceTree = "<group>"; };
		8A5BDDE1E9B0B9532D3A1B34 /* Pods-Shopify.release.xcconfig */ = {isa = PBXFileReference; includeInIndex = 1; lastKnownFileType = text.xcconfig; name = "Pods-Shopify.release.xcconfig"; path = "Target Support Files/Pods-Shopify/Pods-Shopify.release.xcconfig"; sourceTree = "<group>"; };
		B06FC52CA2963812710169B0 /* Pods_ShopifyTests.framework */ = {isa = PBXFileReference; explicitFileType = wrapper.framework; includeInIndex = 0; path = Pods_ShopifyTests.framework; sourceTree = BUILT_PRODUCTS_DIR; };
		CFF7E228972DDF5D39A5E0EF /* Pods-Shopify.debug.xcconfig */ = {isa = PBXFileReference; includeInIndex = 1; lastKnownFileType = text.xcconfig; name = "Pods-Shopify.debug.xcconfig"; path = "Target Support Files/Pods-Shopify/Pods-Shopify.debug.xcconfig"; sourceTree = "<group>"; };
		D028D6624ACC77F44A1F43C7 /* Pods-Shopify-ShopifyUITests.release.xcconfig */ = {isa = PBXFileReference; includeInIndex = 1; lastKnownFileType = text.xcconfig; name = "Pods-Shopify-ShopifyUITests.release.xcconfig"; path = "Target Support Files/Pods-Shopify-ShopifyUITests/Pods-Shopify-ShopifyUITests.release.xcconfig"; sourceTree = "<group>"; };
		DE494CC710DB3BF9C619E690 /* Pods-Shopify-ShopifyUITests.debug.xcconfig */ = {isa = PBXFileReference; includeInIndex = 1; lastKnownFileType = text.xcconfig; name = "Pods-Shopify-ShopifyUITests.debug.xcconfig"; path = "Target Support Files/Pods-Shopify-ShopifyUITests/Pods-Shopify-ShopifyUITests.debug.xcconfig"; sourceTree = "<group>"; };
		F3610E7920ED0943A920311A /* Pods-ShopifyTests.debug.xcconfig */ = {isa = PBXFileReference; includeInIndex = 1; lastKnownFileType = text.xcconfig; name = "Pods-ShopifyTests.debug.xcconfig"; path = "Target Support Files/Pods-ShopifyTests/Pods-ShopifyTests.debug.xcconfig"; sourceTree = "<group>"; };
/* End PBXFileReference section */

/* Begin PBXFrameworksBuildPhase section */
		27149149299FB285008BC7F6 /* Frameworks */ = {
			isa = PBXFrameworksBuildPhase;
			buildActionMask = 2147483647;
			files = (
				A890B5EB2BF2043177863949 /* Pods_Shopify.framework in Frameworks */,
			);
			runOnlyForDeploymentPostprocessing = 0;
		};
		27149162299FB287008BC7F6 /* Frameworks */ = {
			isa = PBXFrameworksBuildPhase;
			buildActionMask = 2147483647;
			files = (
				A49E4D60E10770DF2509B8C1 /* Pods_ShopifyTests.framework in Frameworks */,
			);
			runOnlyForDeploymentPostprocessing = 0;
		};
		2714916C299FB287008BC7F6 /* Frameworks */ = {
			isa = PBXFrameworksBuildPhase;
			buildActionMask = 2147483647;
			files = (
				FFDC116EDE587BAB986B90A0 /* Pods_Shopify_ShopifyUITests.framework in Frameworks */,
			);
			runOnlyForDeploymentPostprocessing = 0;
		};
/* End PBXFrameworksBuildPhase section */

/* Begin PBXGroup section */
		033825B529A6023C00AAA93D /* WishCell */ = {
			isa = PBXGroup;
			children = (
				033825B629A6028400AAA93D /* WishTableViewCell.swift */,
				033825B729A6028400AAA93D /* WishTableViewCell.xib */,
			);
			path = WishCell;
			sourceTree = "<group>";
		};
		1ECEA6E829A53B5D00AE6E50 /* View */ = {
			isa = PBXGroup;
			children = (
				1EFCB26729A55ADF00FAA46D /* Stories */,
				1EFCB27929A55D3E00FAA46D /* OrderScreens */,
				1EFCB27029A55C2000FAA46D /* ProfileScreens */,
				1EFCB26229A55A5800FAA46D /* Cat */,
				1EFC858B29A54FCF009F471F /* Main */,
				1ECEA6E929A53B6300AE6E50 /* HomeScreens */,
			);
			path = View;
			sourceTree = "<group>";
		};
		1ECEA6E929A53B6300AE6E50 /* HomeScreens */ = {
			isa = PBXGroup;
			children = (
				1EFCB26C29A55BBD00FAA46D /* ProductDetailsViewController.swift */,
				1ECEA6EA29A53B7800AE6E50 /* HomeViewController.swift */,
				1EFCB26929A55B5F00FAA46D /* ProductViewController.swift */,
				1ECEA6F029A53D0A00AE6E50 /* AdsCell */,
			);
			path = HomeScreens;
			sourceTree = "<group>";
		};
		1ECEA6F029A53D0A00AE6E50 /* AdsCell */ = {
			isa = PBXGroup;
			children = (
				1ECEA6F129A53D1D00AE6E50 /* AdsCollectionViewCell.swift */,
				1ECEA6F229A53D1D00AE6E50 /* AdsCollectionViewCell.xib */,
			);
			path = AdsCell;
			sourceTree = "<group>";
		};
		1EFC858729A54EFA009F471F /* Model */ = {
			isa = PBXGroup;
			children = (
			);
			path = Model;
			sourceTree = "<group>";
		};
		1EFC858829A54F01009F471F /* ViewModel */ = {
			isa = PBXGroup;
			children = (
			);
			path = ViewModel;
			sourceTree = "<group>";
		};
		1EFC858929A54F84009F471F /* Utilities */ = {
			isa = PBXGroup;
			children = (
			);
			path = Utilities;
			sourceTree = "<group>";
		};
		1EFC858A29A54FA2009F471F /* AppDelegate */ = {
			isa = PBXGroup;
			children = (
				27149151299FB285008BC7F6 /* SceneDelegate.swift */,
				2714914F299FB285008BC7F6 /* AppDelegate.swift */,
			);
			path = AppDelegate;
			sourceTree = "<group>";
		};
		1EFC858B29A54FCF009F471F /* Main */ = {
			isa = PBXGroup;
			children = (
				27149153299FB285008BC7F6 /* ViewController.swift */,
			);
			path = Main;
			sourceTree = "<group>";
		};
		1EFCB26229A55A5800FAA46D /* Cat */ = {
			isa = PBXGroup;
			children = (
				1EFCB26529A55AA800FAA46D /* CatViewController.swift */,
			);
			path = Cat;
			sourceTree = "<group>";
		};
		1EFCB26729A55ADF00FAA46D /* Stories */ = {
			isa = PBXGroup;
			children = (
				2714915D299FB286008BC7F6 /* LaunchScreen.storyboard */,
				1EFCB26329A55A8F00FAA46D /* CatStoryboard.storyboard */,
				1ECEA6EC29A53B9100AE6E50 /* HomeStoryboard.storyboard */,
				27149155299FB285008BC7F6 /* Main.storyboard */,
				1EFCB26E29A55C0800FAA46D /* ProfileStoryboard.storyboard */,
				1EFCB27729A55D2F00FAA46D /* OrderStoryboard.storyboard */,
			);
			path = Stories;
			sourceTree = "<group>";
		};
		1EFCB27029A55C2000FAA46D /* ProfileScreens */ = {
			isa = PBXGroup;
			children = (
				1EFCB27129A55C4E00FAA46D /* ProfileViewController.swift */,
				1EFCB27329A55C8B00FAA46D /* OrdersViewController.swift */,
				1EFCB27529A55CE300FAA46D /* SettingViewController.swift */,
			);
			path = ProfileScreens;
			sourceTree = "<group>";
		};
		1EFCB27929A55D3E00FAA46D /* OrderScreens */ = {
			isa = PBXGroup;
			children = (
				1EFCB27A29A55D5D00FAA46D /* WishViewController.swift */,
				1EFCB27C29A55D8400FAA46D /* PaymentViewController.swift */,
				1EFCB27E29A55DAC00FAA46D /* CartViewController.swift */,
				033825B529A6023C00AAA93D /* WishCell */,
			);
			path = OrderScreens;
			sourceTree = "<group>";
		};
		27149143299FB284008BC7F6 = {
			isa = PBXGroup;
			children = (
				2714914E299FB285008BC7F6 /* Shopify */,
				27149168299FB287008BC7F6 /* ShopifyTests */,
				27149172299FB287008BC7F6 /* ShopifyUITests */,
				2714914D299FB285008BC7F6 /* Products */,
				3D2D3426D5A969AAC628A124 /* Pods */,
				9B4EE4D2FF3A47FABA2DC87E /* Frameworks */,
			);
			sourceTree = "<group>";
		};
		2714914D299FB285008BC7F6 /* Products */ = {
			isa = PBXGroup;
			children = (
				2714914C299FB285008BC7F6 /* Shopify.app */,
				27149165299FB287008BC7F6 /* ShopifyTests.xctest */,
				2714916F299FB287008BC7F6 /* ShopifyUITests.xctest */,
			);
			name = Products;
			sourceTree = "<group>";
		};
		2714914E299FB285008BC7F6 /* Shopify */ = {
			isa = PBXGroup;
			children = (
				1EFC858A29A54FA2009F471F /* AppDelegate */,
				1EFC858929A54F84009F471F /* Utilities */,
				1EFC858829A54F01009F471F /* ViewModel */,
				1EFC858729A54EFA009F471F /* Model */,
				1ECEA6E829A53B5D00AE6E50 /* View */,
				2714915B299FB286008BC7F6 /* Assets.xcassets */,
				27149160299FB286008BC7F6 /* Info.plist */,
				27149158299FB285008BC7F6 /* Shopify.xcdatamodeld */,
			);
			path = Shopify;
			sourceTree = "<group>";
		};
		27149168299FB287008BC7F6 /* ShopifyTests */ = {
			isa = PBXGroup;
			children = (
				27149169299FB287008BC7F6 /* ShopifyTests.swift */,
			);
			path = ShopifyTests;
			sourceTree = "<group>";
		};
		27149172299FB287008BC7F6 /* ShopifyUITests */ = {
			isa = PBXGroup;
			children = (
				27149173299FB287008BC7F6 /* ShopifyUITests.swift */,
				27149175299FB287008BC7F6 /* ShopifyUITestsLaunchTests.swift */,
			);
			path = ShopifyUITests;
			sourceTree = "<group>";
		};
		3D2D3426D5A969AAC628A124 /* Pods */ = {
			isa = PBXGroup;
			children = (
				CFF7E228972DDF5D39A5E0EF /* Pods-Shopify.debug.xcconfig */,
				8A5BDDE1E9B0B9532D3A1B34 /* Pods-Shopify.release.xcconfig */,
				DE494CC710DB3BF9C619E690 /* Pods-Shopify-ShopifyUITests.debug.xcconfig */,
				D028D6624ACC77F44A1F43C7 /* Pods-Shopify-ShopifyUITests.release.xcconfig */,
				F3610E7920ED0943A920311A /* Pods-ShopifyTests.debug.xcconfig */,
				03790381BDEA94EC752A556F /* Pods-ShopifyTests.release.xcconfig */,
			);
			path = Pods;
			sourceTree = "<group>";
		};
		9B4EE4D2FF3A47FABA2DC87E /* Frameworks */ = {
			isa = PBXGroup;
			children = (
				0BB11BFCA52D8D26F687F07D /* Pods_Shopify.framework */,
				0C4C5DC73290AD66DCA60683 /* Pods_Shopify_ShopifyUITests.framework */,
				B06FC52CA2963812710169B0 /* Pods_ShopifyTests.framework */,
			);
			name = Frameworks;
			sourceTree = "<group>";
		};
/* End PBXGroup section */

/* Begin PBXNativeTarget section */
		2714914B299FB285008BC7F6 /* Shopify */ = {
			isa = PBXNativeTarget;
			buildConfigurationList = 27149179299FB287008BC7F6 /* Build configuration list for PBXNativeTarget "Shopify" */;
			buildPhases = (
				6E4D8103A9FC5719EA6102F7 /* [CP] Check Pods Manifest.lock */,
				27149148299FB285008BC7F6 /* Sources */,
				27149149299FB285008BC7F6 /* Frameworks */,
				2714914A299FB285008BC7F6 /* Resources */,
			);
			buildRules = (
			);
			dependencies = (
			);
			name = Shopify;
			productName = Shopify;
			productReference = 2714914C299FB285008BC7F6 /* Shopify.app */;
			productType = "com.apple.product-type.application";
		};
		27149164299FB287008BC7F6 /* ShopifyTests */ = {
			isa = PBXNativeTarget;
			buildConfigurationList = 2714917C299FB287008BC7F6 /* Build configuration list for PBXNativeTarget "ShopifyTests" */;
			buildPhases = (
				0FD21691F266F739FC99186E /* [CP] Check Pods Manifest.lock */,
				27149161299FB287008BC7F6 /* Sources */,
				27149162299FB287008BC7F6 /* Frameworks */,
				27149163299FB287008BC7F6 /* Resources */,
				453E9ACCF25709CDAAFA80CF /* [CP] Embed Pods Frameworks */,
			);
			buildRules = (
			);
			dependencies = (
				27149167299FB287008BC7F6 /* PBXTargetDependency */,
			);
			name = ShopifyTests;
			productName = ShopifyTests;
			productReference = 27149165299FB287008BC7F6 /* ShopifyTests.xctest */;
			productType = "com.apple.product-type.bundle.unit-test";
		};
		2714916E299FB287008BC7F6 /* ShopifyUITests */ = {
			isa = PBXNativeTarget;
			buildConfigurationList = 2714917F299FB287008BC7F6 /* Build configuration list for PBXNativeTarget "ShopifyUITests" */;
			buildPhases = (
				9AC426CD992486E92D846EC6 /* [CP] Check Pods Manifest.lock */,
				2714916B299FB287008BC7F6 /* Sources */,
				2714916C299FB287008BC7F6 /* Frameworks */,
				2714916D299FB287008BC7F6 /* Resources */,
			);
			buildRules = (
			);
			dependencies = (
				27149171299FB287008BC7F6 /* PBXTargetDependency */,
			);
			name = ShopifyUITests;
			productName = ShopifyUITests;
			productReference = 2714916F299FB287008BC7F6 /* ShopifyUITests.xctest */;
			productType = "com.apple.product-type.bundle.ui-testing";
		};
/* End PBXNativeTarget section */

/* Begin PBXProject section */
		27149144299FB284008BC7F6 /* Project object */ = {
			isa = PBXProject;
			attributes = {
				BuildIndependentTargetsInParallel = 1;
				LastSwiftUpdateCheck = 1420;
				LastUpgradeCheck = 1420;
				TargetAttributes = {
					2714914B299FB285008BC7F6 = {
						CreatedOnToolsVersion = 14.2;
					};
					27149164299FB287008BC7F6 = {
						CreatedOnToolsVersion = 14.2;
						TestTargetID = 2714914B299FB285008BC7F6;
					};
					2714916E299FB287008BC7F6 = {
						CreatedOnToolsVersion = 14.2;
						TestTargetID = 2714914B299FB285008BC7F6;
					};
				};
			};
			buildConfigurationList = 27149147299FB284008BC7F6 /* Build configuration list for PBXProject "Shopify" */;
			compatibilityVersion = "Xcode 13.0";
			developmentRegion = en;
			hasScannedForEncodings = 0;
			knownRegions = (
				en,
				Base,
			);
			mainGroup = 27149143299FB284008BC7F6;
			productRefGroup = 2714914D299FB285008BC7F6 /* Products */;
			projectDirPath = "";
			projectRoot = "";
			targets = (
				2714914B299FB285008BC7F6 /* Shopify */,
				27149164299FB287008BC7F6 /* ShopifyTests */,
				2714916E299FB287008BC7F6 /* ShopifyUITests */,
			);
		};
/* End PBXProject section */

/* Begin PBXResourcesBuildPhase section */
		2714914A299FB285008BC7F6 /* Resources */ = {
			isa = PBXResourcesBuildPhase;
			buildActionMask = 2147483647;
			files = (
				1EFCB26429A55A8F00FAA46D /* CatStoryboard.storyboard in Resources */,
				2714915F299FB286008BC7F6 /* LaunchScreen.storyboard in Resources */,
				033825B929A6028400AAA93D /* WishTableViewCell.xib in Resources */,
				1EFCB26F29A55C0800FAA46D /* ProfileStoryboard.storyboard in Resources */,
				1ECEA6F429A53D1D00AE6E50 /* AdsCollectionViewCell.xib in Resources */,
				2714915C299FB286008BC7F6 /* Assets.xcassets in Resources */,
				1ECEA6ED29A53B9100AE6E50 /* HomeStoryboard.storyboard in Resources */,
				1EFCB27829A55D2F00FAA46D /* OrderStoryboard.storyboard in Resources */,
				27149157299FB285008BC7F6 /* Main.storyboard in Resources */,
			);
			runOnlyForDeploymentPostprocessing = 0;
		};
		27149163299FB287008BC7F6 /* Resources */ = {
			isa = PBXResourcesBuildPhase;
			buildActionMask = 2147483647;
			files = (
			);
			runOnlyForDeploymentPostprocessing = 0;
		};
		2714916D299FB287008BC7F6 /* Resources */ = {
			isa = PBXResourcesBuildPhase;
			buildActionMask = 2147483647;
			files = (
			);
			runOnlyForDeploymentPostprocessing = 0;
		};
/* End PBXResourcesBuildPhase section */

/* Begin PBXShellScriptBuildPhase section */
		0FD21691F266F739FC99186E /* [CP] Check Pods Manifest.lock */ = {
			isa = PBXShellScriptBuildPhase;
			buildActionMask = 2147483647;
			files = (
			);
			inputFileListPaths = (
			);
			inputPaths = (
				"${PODS_PODFILE_DIR_PATH}/Podfile.lock",
				"${PODS_ROOT}/Manifest.lock",
			);
			name = "[CP] Check Pods Manifest.lock";
			outputFileListPaths = (
			);
			outputPaths = (
				"$(DERIVED_FILE_DIR)/Pods-ShopifyTests-checkManifestLockResult.txt",
			);
			runOnlyForDeploymentPostprocessing = 0;
			shellPath = /bin/sh;
			shellScript = "diff \"${PODS_PODFILE_DIR_PATH}/Podfile.lock\" \"${PODS_ROOT}/Manifest.lock\" > /dev/null\nif [ $? != 0 ] ; then\n    # print error to STDERR\n    echo \"error: The sandbox is not in sync with the Podfile.lock. Run 'pod install' or update your CocoaPods installation.\" >&2\n    exit 1\nfi\n# This output is used by Xcode 'outputs' to avoid re-running this script phase.\necho \"SUCCESS\" > \"${SCRIPT_OUTPUT_FILE_0}\"\n";
			showEnvVarsInLog = 0;
		};
		453E9ACCF25709CDAAFA80CF /* [CP] Embed Pods Frameworks */ = {
			isa = PBXShellScriptBuildPhase;
			buildActionMask = 2147483647;
			files = (
			);
			inputFileListPaths = (
				"${PODS_ROOT}/Target Support Files/Pods-ShopifyTests/Pods-ShopifyTests-frameworks-${CONFIGURATION}-input-files.xcfilelist",
			);
			name = "[CP] Embed Pods Frameworks";
			outputFileListPaths = (
				"${PODS_ROOT}/Target Support Files/Pods-ShopifyTests/Pods-ShopifyTests-frameworks-${CONFIGURATION}-output-files.xcfilelist",
			);
			runOnlyForDeploymentPostprocessing = 0;
			shellPath = /bin/sh;
			shellScript = "\"${PODS_ROOT}/Target Support Files/Pods-ShopifyTests/Pods-ShopifyTests-frameworks.sh\"\n";
			showEnvVarsInLog = 0;
		};
		6E4D8103A9FC5719EA6102F7 /* [CP] Check Pods Manifest.lock */ = {
			isa = PBXShellScriptBuildPhase;
			buildActionMask = 2147483647;
			files = (
			);
			inputFileListPaths = (
			);
			inputPaths = (
				"${PODS_PODFILE_DIR_PATH}/Podfile.lock",
				"${PODS_ROOT}/Manifest.lock",
			);
			name = "[CP] Check Pods Manifest.lock";
			outputFileListPaths = (
			);
			outputPaths = (
				"$(DERIVED_FILE_DIR)/Pods-Shopify-checkManifestLockResult.txt",
			);
			runOnlyForDeploymentPostprocessing = 0;
			shellPath = /bin/sh;
			shellScript = "diff \"${PODS_PODFILE_DIR_PATH}/Podfile.lock\" \"${PODS_ROOT}/Manifest.lock\" > /dev/null\nif [ $? != 0 ] ; then\n    # print error to STDERR\n    echo \"error: The sandbox is not in sync with the Podfile.lock. Run 'pod install' or update your CocoaPods installation.\" >&2\n    exit 1\nfi\n# This output is used by Xcode 'outputs' to avoid re-running this script phase.\necho \"SUCCESS\" > \"${SCRIPT_OUTPUT_FILE_0}\"\n";
			showEnvVarsInLog = 0;
		};
		9AC426CD992486E92D846EC6 /* [CP] Check Pods Manifest.lock */ = {
			isa = PBXShellScriptBuildPhase;
			buildActionMask = 2147483647;
			files = (
			);
			inputFileListPaths = (
			);
			inputPaths = (
				"${PODS_PODFILE_DIR_PATH}/Podfile.lock",
				"${PODS_ROOT}/Manifest.lock",
			);
			name = "[CP] Check Pods Manifest.lock";
			outputFileListPaths = (
			);
			outputPaths = (
				"$(DERIVED_FILE_DIR)/Pods-Shopify-ShopifyUITests-checkManifestLockResult.txt",
			);
			runOnlyForDeploymentPostprocessing = 0;
			shellPath = /bin/sh;
			shellScript = "diff \"${PODS_PODFILE_DIR_PATH}/Podfile.lock\" \"${PODS_ROOT}/Manifest.lock\" > /dev/null\nif [ $? != 0 ] ; then\n    # print error to STDERR\n    echo \"error: The sandbox is not in sync with the Podfile.lock. Run 'pod install' or update your CocoaPods installation.\" >&2\n    exit 1\nfi\n# This output is used by Xcode 'outputs' to avoid re-running this script phase.\necho \"SUCCESS\" > \"${SCRIPT_OUTPUT_FILE_0}\"\n";
			showEnvVarsInLog = 0;
		};
/* End PBXShellScriptBuildPhase section */

/* Begin PBXSourcesBuildPhase section */
		27149148299FB285008BC7F6 /* Sources */ = {
			isa = PBXSourcesBuildPhase;
			buildActionMask = 2147483647;
			files = (
				033825B829A6028400AAA93D /* WishTableViewCell.swift in Sources */,
				1EFCB26629A55AA800FAA46D /* CatViewController.swift in Sources */,
				1ECEA6EB29A53B7800AE6E50 /* HomeViewController.swift in Sources */,
				1EFCB27229A55C4E00FAA46D /* ProfileViewController.swift in Sources */,
				1EFCB27429A55C8B00FAA46D /* OrdersViewController.swift in Sources */,
				1ECEA6F329A53D1D00AE6E50 /* AdsCollectionViewCell.swift in Sources */,
				27149154299FB285008BC7F6 /* ViewController.swift in Sources */,
				27149150299FB285008BC7F6 /* AppDelegate.swift in Sources */,
				1EFCB27F29A55DAC00FAA46D /* CartViewController.swift in Sources */,
				1EFCB27D29A55D8400FAA46D /* PaymentViewController.swift in Sources */,
				2714915A299FB285008BC7F6 /* Shopify.xcdatamodeld in Sources */,
				1EFCB26D29A55BBD00FAA46D /* ProductDetailsViewController.swift in Sources */,
				1EFCB26A29A55B5F00FAA46D /* ProductViewController.swift in Sources */,
				27149152299FB285008BC7F6 /* SceneDelegate.swift in Sources */,
				1EFCB27B29A55D5D00FAA46D /* WishViewController.swift in Sources */,
				1EFCB27629A55CE300FAA46D /* SettingViewController.swift in Sources */,
			);
			runOnlyForDeploymentPostprocessing = 0;
		};
		27149161299FB287008BC7F6 /* Sources */ = {
			isa = PBXSourcesBuildPhase;
			buildActionMask = 2147483647;
			files = (
				2714916A299FB287008BC7F6 /* ShopifyTests.swift in Sources */,
			);
			runOnlyForDeploymentPostprocessing = 0;
		};
		2714916B299FB287008BC7F6 /* Sources */ = {
			isa = PBXSourcesBuildPhase;
			buildActionMask = 2147483647;
			files = (
				27149174299FB287008BC7F6 /* ShopifyUITests.swift in Sources */,
				27149176299FB287008BC7F6 /* ShopifyUITestsLaunchTests.swift in Sources */,
			);
			runOnlyForDeploymentPostprocessing = 0;
		};
/* End PBXSourcesBuildPhase section */

/* Begin PBXTargetDependency section */
		27149167299FB287008BC7F6 /* PBXTargetDependency */ = {
			isa = PBXTargetDependency;
			target = 2714914B299FB285008BC7F6 /* Shopify */;
			targetProxy = 27149166299FB287008BC7F6 /* PBXContainerItemProxy */;
		};
		27149171299FB287008BC7F6 /* PBXTargetDependency */ = {
			isa = PBXTargetDependency;
			target = 2714914B299FB285008BC7F6 /* Shopify */;
			targetProxy = 27149170299FB287008BC7F6 /* PBXContainerItemProxy */;
		};
/* End PBXTargetDependency section */

/* Begin PBXVariantGroup section */
		27149155299FB285008BC7F6 /* Main.storyboard */ = {
			isa = PBXVariantGroup;
			children = (
				27149156299FB285008BC7F6 /* Base */,
			);
			name = Main.storyboard;
			sourceTree = "<group>";
		};
		2714915D299FB286008BC7F6 /* LaunchScreen.storyboard */ = {
			isa = PBXVariantGroup;
			children = (
				2714915E299FB286008BC7F6 /* Base */,
			);
			name = LaunchScreen.storyboard;
			sourceTree = "<group>";
		};
/* End PBXVariantGroup section */

/* Begin XCBuildConfiguration section */
		27149177299FB287008BC7F6 /* Debug */ = {
			isa = XCBuildConfiguration;
			buildSettings = {
				ALWAYS_SEARCH_USER_PATHS = NO;
				CLANG_ANALYZER_NONNULL = YES;
				CLANG_ANALYZER_NUMBER_OBJECT_CONVERSION = YES_AGGRESSIVE;
				CLANG_CXX_LANGUAGE_STANDARD = "gnu++20";
				CLANG_ENABLE_MODULES = YES;
				CLANG_ENABLE_OBJC_ARC = YES;
				CLANG_ENABLE_OBJC_WEAK = YES;
				CLANG_WARN_BLOCK_CAPTURE_AUTORELEASING = YES;
				CLANG_WARN_BOOL_CONVERSION = YES;
				CLANG_WARN_COMMA = YES;
				CLANG_WARN_CONSTANT_CONVERSION = YES;
				CLANG_WARN_DEPRECATED_OBJC_IMPLEMENTATIONS = YES;
				CLANG_WARN_DIRECT_OBJC_ISA_USAGE = YES_ERROR;
				CLANG_WARN_DOCUMENTATION_COMMENTS = YES;
				CLANG_WARN_EMPTY_BODY = YES;
				CLANG_WARN_ENUM_CONVERSION = YES;
				CLANG_WARN_INFINITE_RECURSION = YES;
				CLANG_WARN_INT_CONVERSION = YES;
				CLANG_WARN_NON_LITERAL_NULL_CONVERSION = YES;
				CLANG_WARN_OBJC_IMPLICIT_RETAIN_SELF = YES;
				CLANG_WARN_OBJC_LITERAL_CONVERSION = YES;
				CLANG_WARN_OBJC_ROOT_CLASS = YES_ERROR;
				CLANG_WARN_QUOTED_INCLUDE_IN_FRAMEWORK_HEADER = YES;
				CLANG_WARN_RANGE_LOOP_ANALYSIS = YES;
				CLANG_WARN_STRICT_PROTOTYPES = YES;
				CLANG_WARN_SUSPICIOUS_MOVE = YES;
				CLANG_WARN_UNGUARDED_AVAILABILITY = YES_AGGRESSIVE;
				CLANG_WARN_UNREACHABLE_CODE = YES;
				CLANG_WARN__DUPLICATE_METHOD_MATCH = YES;
				COPY_PHASE_STRIP = NO;
				DEBUG_INFORMATION_FORMAT = dwarf;
				ENABLE_STRICT_OBJC_MSGSEND = YES;
				ENABLE_TESTABILITY = YES;
				GCC_C_LANGUAGE_STANDARD = gnu11;
				GCC_DYNAMIC_NO_PIC = NO;
				GCC_NO_COMMON_BLOCKS = YES;
				GCC_OPTIMIZATION_LEVEL = 0;
				GCC_PREPROCESSOR_DEFINITIONS = (
					"DEBUG=1",
					"$(inherited)",
				);
				GCC_WARN_64_TO_32_BIT_CONVERSION = YES;
				GCC_WARN_ABOUT_RETURN_TYPE = YES_ERROR;
				GCC_WARN_UNDECLARED_SELECTOR = YES;
				GCC_WARN_UNINITIALIZED_AUTOS = YES_AGGRESSIVE;
				GCC_WARN_UNUSED_FUNCTION = YES;
				GCC_WARN_UNUSED_VARIABLE = YES;
				IPHONEOS_DEPLOYMENT_TARGET = 16.2;
				MTL_ENABLE_DEBUG_INFO = INCLUDE_SOURCE;
				MTL_FAST_MATH = YES;
				ONLY_ACTIVE_ARCH = YES;
				SDKROOT = iphoneos;
				SWIFT_ACTIVE_COMPILATION_CONDITIONS = DEBUG;
				SWIFT_OPTIMIZATION_LEVEL = "-Onone";
			};
			name = Debug;
		};
		27149178299FB287008BC7F6 /* Release */ = {
			isa = XCBuildConfiguration;
			buildSettings = {
				ALWAYS_SEARCH_USER_PATHS = NO;
				CLANG_ANALYZER_NONNULL = YES;
				CLANG_ANALYZER_NUMBER_OBJECT_CONVERSION = YES_AGGRESSIVE;
				CLANG_CXX_LANGUAGE_STANDARD = "gnu++20";
				CLANG_ENABLE_MODULES = YES;
				CLANG_ENABLE_OBJC_ARC = YES;
				CLANG_ENABLE_OBJC_WEAK = YES;
				CLANG_WARN_BLOCK_CAPTURE_AUTORELEASING = YES;
				CLANG_WARN_BOOL_CONVERSION = YES;
				CLANG_WARN_COMMA = YES;
				CLANG_WARN_CONSTANT_CONVERSION = YES;
				CLANG_WARN_DEPRECATED_OBJC_IMPLEMENTATIONS = YES;
				CLANG_WARN_DIRECT_OBJC_ISA_USAGE = YES_ERROR;
				CLANG_WARN_DOCUMENTATION_COMMENTS = YES;
				CLANG_WARN_EMPTY_BODY = YES;
				CLANG_WARN_ENUM_CONVERSION = YES;
				CLANG_WARN_INFINITE_RECURSION = YES;
				CLANG_WARN_INT_CONVERSION = YES;
				CLANG_WARN_NON_LITERAL_NULL_CONVERSION = YES;
				CLANG_WARN_OBJC_IMPLICIT_RETAIN_SELF = YES;
				CLANG_WARN_OBJC_LITERAL_CONVERSION = YES;
				CLANG_WARN_OBJC_ROOT_CLASS = YES_ERROR;
				CLANG_WARN_QUOTED_INCLUDE_IN_FRAMEWORK_HEADER = YES;
				CLANG_WARN_RANGE_LOOP_ANALYSIS = YES;
				CLANG_WARN_STRICT_PROTOTYPES = YES;
				CLANG_WARN_SUSPICIOUS_MOVE = YES;
				CLANG_WARN_UNGUARDED_AVAILABILITY = YES_AGGRESSIVE;
				CLANG_WARN_UNREACHABLE_CODE = YES;
				CLANG_WARN__DUPLICATE_METHOD_MATCH = YES;
				COPY_PHASE_STRIP = NO;
				DEBUG_INFORMATION_FORMAT = "dwarf-with-dsym";
				ENABLE_NS_ASSERTIONS = NO;
				ENABLE_STRICT_OBJC_MSGSEND = YES;
				GCC_C_LANGUAGE_STANDARD = gnu11;
				GCC_NO_COMMON_BLOCKS = YES;
				GCC_WARN_64_TO_32_BIT_CONVERSION = YES;
				GCC_WARN_ABOUT_RETURN_TYPE = YES_ERROR;
				GCC_WARN_UNDECLARED_SELECTOR = YES;
				GCC_WARN_UNINITIALIZED_AUTOS = YES_AGGRESSIVE;
				GCC_WARN_UNUSED_FUNCTION = YES;
				GCC_WARN_UNUSED_VARIABLE = YES;
				IPHONEOS_DEPLOYMENT_TARGET = 16.2;
				MTL_ENABLE_DEBUG_INFO = NO;
				MTL_FAST_MATH = YES;
				SDKROOT = iphoneos;
				SWIFT_COMPILATION_MODE = wholemodule;
				SWIFT_OPTIMIZATION_LEVEL = "-O";
				VALIDATE_PRODUCT = YES;
			};
			name = Release;
		};
		2714917A299FB287008BC7F6 /* Debug */ = {
			isa = XCBuildConfiguration;
			baseConfigurationReference = CFF7E228972DDF5D39A5E0EF /* Pods-Shopify.debug.xcconfig */;
			buildSettings = {
				ASSETCATALOG_COMPILER_APPICON_NAME = AppIcon;
				ASSETCATALOG_COMPILER_GLOBAL_ACCENT_COLOR_NAME = AccentColor;
				CODE_SIGN_STYLE = Automatic;
				CURRENT_PROJECT_VERSION = 1;
				DEVELOPMENT_TEAM = NYJ2MJ555L;
				GENERATE_INFOPLIST_FILE = YES;
				INFOPLIST_FILE = Shopify/Info.plist;
				INFOPLIST_KEY_UIApplicationSupportsIndirectInputEvents = YES;
				INFOPLIST_KEY_UILaunchStoryboardName = LaunchScreen;
				INFOPLIST_KEY_UIMainStoryboardFile = Main;
				INFOPLIST_KEY_UISupportedInterfaceOrientations_iPad = "UIInterfaceOrientationPortrait UIInterfaceOrientationPortraitUpsideDown UIInterfaceOrientationLandscapeLeft UIInterfaceOrientationLandscapeRight";
				INFOPLIST_KEY_UISupportedInterfaceOrientations_iPhone = "UIInterfaceOrientationPortrait UIInterfaceOrientationLandscapeLeft UIInterfaceOrientationLandscapeRight";
				LD_RUNPATH_SEARCH_PATHS = (
					"$(inherited)",
					"@executable_path/Frameworks",
				);
				MARKETING_VERSION = 1.0;
				PRODUCT_BUNDLE_IDENTIFIER = com.ahmadayman.Shopify;
				PRODUCT_NAME = "$(TARGET_NAME)";
				SWIFT_EMIT_LOC_STRINGS = YES;
				SWIFT_VERSION = 5.0;
				TARGETED_DEVICE_FAMILY = "1,2";
			};
			name = Debug;
		};
		2714917B299FB287008BC7F6 /* Release */ = {
			isa = XCBuildConfiguration;
			baseConfigurationReference = 8A5BDDE1E9B0B9532D3A1B34 /* Pods-Shopify.release.xcconfig */;
			buildSettings = {
				ASSETCATALOG_COMPILER_APPICON_NAME = AppIcon;
				ASSETCATALOG_COMPILER_GLOBAL_ACCENT_COLOR_NAME = AccentColor;
				CODE_SIGN_STYLE = Automatic;
				CURRENT_PROJECT_VERSION = 1;
				DEVELOPMENT_TEAM = NYJ2MJ555L;
				GENERATE_INFOPLIST_FILE = YES;
				INFOPLIST_FILE = Shopify/Info.plist;
				INFOPLIST_KEY_UIApplicationSupportsIndirectInputEvents = YES;
				INFOPLIST_KEY_UILaunchStoryboardName = LaunchScreen;
				INFOPLIST_KEY_UIMainStoryboardFile = Main;
				INFOPLIST_KEY_UISupportedInterfaceOrientations_iPad = "UIInterfaceOrientationPortrait UIInterfaceOrientationPortraitUpsideDown UIInterfaceOrientationLandscapeLeft UIInterfaceOrientationLandscapeRight";
				INFOPLIST_KEY_UISupportedInterfaceOrientations_iPhone = "UIInterfaceOrientationPortrait UIInterfaceOrientationLandscapeLeft UIInterfaceOrientationLandscapeRight";
				LD_RUNPATH_SEARCH_PATHS = (
					"$(inherited)",
					"@executable_path/Frameworks",
				);
				MARKETING_VERSION = 1.0;
				PRODUCT_BUNDLE_IDENTIFIER = com.ahmadayman.Shopify;
				PRODUCT_NAME = "$(TARGET_NAME)";
				SWIFT_EMIT_LOC_STRINGS = YES;
				SWIFT_VERSION = 5.0;
				TARGETED_DEVICE_FAMILY = "1,2";
			};
			name = Release;
		};
		2714917D299FB287008BC7F6 /* Debug */ = {
			isa = XCBuildConfiguration;
			baseConfigurationReference = F3610E7920ED0943A920311A /* Pods-ShopifyTests.debug.xcconfig */;
			buildSettings = {
				ALWAYS_EMBED_SWIFT_STANDARD_LIBRARIES = YES;
				BUNDLE_LOADER = "$(TEST_HOST)";
				CODE_SIGN_STYLE = Automatic;
				CURRENT_PROJECT_VERSION = 1;
				DEVELOPMENT_TEAM = NYJ2MJ555L;
				GENERATE_INFOPLIST_FILE = YES;
				IPHONEOS_DEPLOYMENT_TARGET = 16.2;
				MARKETING_VERSION = 1.0;
				PRODUCT_BUNDLE_IDENTIFIER = com.ahmadayman.ShopifyTests;
				PRODUCT_NAME = "$(TARGET_NAME)";
				SWIFT_EMIT_LOC_STRINGS = NO;
				SWIFT_VERSION = 5.0;
				TARGETED_DEVICE_FAMILY = "1,2";
				TEST_HOST = "$(BUILT_PRODUCTS_DIR)/Shopify.app/$(BUNDLE_EXECUTABLE_FOLDER_PATH)/Shopify";
			};
			name = Debug;
		};
		2714917E299FB287008BC7F6 /* Release */ = {
			isa = XCBuildConfiguration;
			baseConfigurationReference = 03790381BDEA94EC752A556F /* Pods-ShopifyTests.release.xcconfig */;
			buildSettings = {
				ALWAYS_EMBED_SWIFT_STANDARD_LIBRARIES = YES;
				BUNDLE_LOADER = "$(TEST_HOST)";
				CODE_SIGN_STYLE = Automatic;
				CURRENT_PROJECT_VERSION = 1;
				DEVELOPMENT_TEAM = NYJ2MJ555L;
				GENERATE_INFOPLIST_FILE = YES;
				IPHONEOS_DEPLOYMENT_TARGET = 16.2;
				MARKETING_VERSION = 1.0;
				PRODUCT_BUNDLE_IDENTIFIER = com.ahmadayman.ShopifyTests;
				PRODUCT_NAME = "$(TARGET_NAME)";
				SWIFT_EMIT_LOC_STRINGS = NO;
				SWIFT_VERSION = 5.0;
				TARGETED_DEVICE_FAMILY = "1,2";
				TEST_HOST = "$(BUILT_PRODUCTS_DIR)/Shopify.app/$(BUNDLE_EXECUTABLE_FOLDER_PATH)/Shopify";
			};
			name = Release;
		};
		27149180299FB287008BC7F6 /* Debug */ = {
			isa = XCBuildConfiguration;
			baseConfigurationReference = DE494CC710DB3BF9C619E690 /* Pods-Shopify-ShopifyUITests.debug.xcconfig */;
			buildSettings = {
				ALWAYS_EMBED_SWIFT_STANDARD_LIBRARIES = YES;
				CODE_SIGN_STYLE = Automatic;
				CURRENT_PROJECT_VERSION = 1;
				DEVELOPMENT_TEAM = NYJ2MJ555L;
				GENERATE_INFOPLIST_FILE = YES;
				MARKETING_VERSION = 1.0;
				PRODUCT_BUNDLE_IDENTIFIER = com.ahmadayman.ShopifyUITests;
				PRODUCT_NAME = "$(TARGET_NAME)";
				SWIFT_EMIT_LOC_STRINGS = NO;
				SWIFT_VERSION = 5.0;
				TARGETED_DEVICE_FAMILY = "1,2";
				TEST_TARGET_NAME = Shopify;
			};
			name = Debug;
		};
		27149181299FB287008BC7F6 /* Release */ = {
			isa = XCBuildConfiguration;
			baseConfigurationReference = D028D6624ACC77F44A1F43C7 /* Pods-Shopify-ShopifyUITests.release.xcconfig */;
			buildSettings = {
				ALWAYS_EMBED_SWIFT_STANDARD_LIBRARIES = YES;
				CODE_SIGN_STYLE = Automatic;
				CURRENT_PROJECT_VERSION = 1;
				DEVELOPMENT_TEAM = NYJ2MJ555L;
				GENERATE_INFOPLIST_FILE = YES;
				MARKETING_VERSION = 1.0;
				PRODUCT_BUNDLE_IDENTIFIER = com.ahmadayman.ShopifyUITests;
				PRODUCT_NAME = "$(TARGET_NAME)";
				SWIFT_EMIT_LOC_STRINGS = NO;
				SWIFT_VERSION = 5.0;
				TARGETED_DEVICE_FAMILY = "1,2";
				TEST_TARGET_NAME = Shopify;
			};
			name = Release;
		};
/* End XCBuildConfiguration section */

/* Begin XCConfigurationList section */
		27149147299FB284008BC7F6 /* Build configuration list for PBXProject "Shopify" */ = {
			isa = XCConfigurationList;
			buildConfigurations = (
				27149177299FB287008BC7F6 /* Debug */,
				27149178299FB287008BC7F6 /* Release */,
			);
			defaultConfigurationIsVisible = 0;
			defaultConfigurationName = Release;
		};
		27149179299FB287008BC7F6 /* Build configuration list for PBXNativeTarget "Shopify" */ = {
			isa = XCConfigurationList;
			buildConfigurations = (
				2714917A299FB287008BC7F6 /* Debug */,
				2714917B299FB287008BC7F6 /* Release */,
			);
			defaultConfigurationIsVisible = 0;
			defaultConfigurationName = Release;
		};
		2714917C299FB287008BC7F6 /* Build configuration list for PBXNativeTarget "ShopifyTests" */ = {
			isa = XCConfigurationList;
			buildConfigurations = (
				2714917D299FB287008BC7F6 /* Debug */,
				2714917E299FB287008BC7F6 /* Release */,
			);
			defaultConfigurationIsVisible = 0;
			defaultConfigurationName = Release;
		};
		2714917F299FB287008BC7F6 /* Build configuration list for PBXNativeTarget "ShopifyUITests" */ = {
			isa = XCConfigurationList;
			buildConfigurations = (
				27149180299FB287008BC7F6 /* Debug */,
				27149181299FB287008BC7F6 /* Release */,
			);
			defaultConfigurationIsVisible = 0;
			defaultConfigurationName = Release;
		};
/* End XCConfigurationList section */

/* Begin XCVersionGroup section */
		27149158299FB285008BC7F6 /* Shopify.xcdatamodeld */ = {
			isa = XCVersionGroup;
			children = (
				27149159299FB285008BC7F6 /* Shopify.xcdatamodel */,
			);
			currentVersion = 27149159299FB285008BC7F6 /* Shopify.xcdatamodel */;
			path = Shopify.xcdatamodeld;
			sourceTree = "<group>";
			versionGroupType = wrapper.xcdatamodel;
		};
/* End XCVersionGroup section */
	};
	rootObject = 27149144299FB284008BC7F6 /* Project object */;
}
